{
  "pins" : [
    {
      "identity" : "fluidaudio",
      "kind" : "remoteSourceControl",
      "location" : "https://github.com/FluidInference/FluidAudio.git",
      "state" : {
        "branch" : "main",
        "revision" : "abf7d9ef3f53a693e3721069071971eff84c002f"
      }
    }
  ],
  "version" : 2
}
